
Microsoft Visual Studio Solution File, Format Version 12.00
# Visual Studio Version 16
VisualStudioVersion = 16.0.30309.148
MinimumVisualStudioVersion = 10.0.40219.1
Project("{FAE04EC0-301F-11D3-BF4B-00C04F79EFBC}") = "TareaJueves", "TareaJueves\TareaJueves.csproj", "{D8CE9C26-C5B0-4C3F-A8CC-1E6F53F284B5}"
EndProject
Project("{FAE04EC0-301F-11D3-BF4B-00C04F79EFBC}") = "Solucion1", "Solucion1\Solucion1.csproj", "{C66B179D-6618-4539-821C-0E75D40BDF0E}"
EndProject
Global
	GlobalSection(SolutionConfigurationPlatforms) = preSolution
		Debug|Any CPU = Debug|Any CPU
		Release|Any CPU = Release|Any CPU
	EndGlobalSection
	GlobalSection(ProjectConfigurationPlatforms) = postSolution
		{D8CE9C26-C5B0-4C3F-A8CC-1E6F53F284B5}.Debug|Any CPU.ActiveCfg = Debug|Any CPU
		{D8CE9C26-C5B0-4C3F-A8CC-1E6F53F284B5}.Debug|Any CPU.Build.0 = Debug|Any CPU
		{D8CE9C26-C5B0-4C3F-A8CC-1E6F53F284B5}.Release|Any CPU.ActiveCfg = Release|Any CPU
		{D8CE9C26-C5B0-4C3F-A8CC-1E6F53F284B5}.Release|Any CPU.Build.0 = Release|Any CPU
		{C66B179D-6618-4539-821C-0E75D40BDF0E}.Debug|Any CPU.ActiveCfg = Debug|Any CPU
		{C66B179D-6618-4539-821C-0E75D40BDF0E}.Debug|Any CPU.Build.0 = Debug|Any CPU
		{C66B179D-6618-4539-821C-0E75D40BDF0E}.Release|Any CPU.ActiveCfg = Release|Any CPU
		{C66B179D-6618-4539-821C-0E75D40BDF0E}.Release|Any CPU.Build.0 = Release|Any CPU
	EndGlobalSection
	GlobalSection(SolutionProperties) = preSolution
		HideSolutionNode = FALSE
	EndGlobalSection
	GlobalSection(ExtensibilityGlobals) = postSolution
		SolutionGuid = {32BD18F3-63E0-423A-99E4-9BEE1B627CCB}
	EndGlobalSection
EndGlobal
